# This file is automatically @generated by Cargo.
# It is not intended for manual editing.
version = 3

[[package]]
name = "inline_closure"
version = "0.1.0"
dependencies = [
 "simple_proc_macro_error",
]

[[package]]
name = "simple_proc_macro_error"
version = "0.1.0"
source = "git+https://github.com/Qwox0/simple_proc_macro_error#8f6b81e706ddf52d21504b207557c90f4747a632"
